
Microsoft Visual Studio Solution File, Format Version 12.00
# Visual Studio Version 16
VisualStudioVersion = 16.0.30503.244
MinimumVisualStudioVersion = 15.0.26124.0
Project("{9A19103F-16F7-4668-BE54-9A1E7A4F7556}") = "Accumulate", "csharp\accumulate\Accumulate.csproj", "{456AAC49-1B2C-4240-90B2-14188905C746}"
EndProject
Project("{2150E333-8FDC-42A3-9474-1A3956D46DE8}") = "C Sharp", "C Sharp", "{E2CC822F-B8C1-43BD-94A3-D7BFA6AFCDD2}"
EndProject
Project("{9A19103F-16F7-4668-BE54-9A1E7A4F7556}") = "Acronym", "csharp\acronym\Acronym.csproj", "{C64DC978-4BA9-4336-A290-7AE4A4D31DC3}"
EndProject
Project("{9A19103F-16F7-4668-BE54-9A1E7A4F7556}") = "Allergies", "csharp\allergies\Allergies.csproj", "{4DD89A84-87DF-4F12-BA02-BF0588A578C6}"
EndProject
Project("{9A19103F-16F7-4668-BE54-9A1E7A4F7556}") = "CollatzConjecture", "csharp\collatz-conjecture\CollatzConjecture.csproj", "{56778DF9-D2E3-4813-BF94-4FBD14FBA35C}"
EndProject
Project("{9A19103F-16F7-4668-BE54-9A1E7A4F7556}") = "Etl", "csharp\etl\Etl.csproj", "{92E1E0A7-CD1F-4CCE-9EC5-88CC031FBCB2}"
EndProject
Project("{9A19103F-16F7-4668-BE54-9A1E7A4F7556}") = "Gigasecond", "csharp\gigasecond\Gigasecond.csproj", "{493ECBEF-A2EA-4A1D-BF3D-9F85C4CA3CF4}"
EndProject
Project("{9A19103F-16F7-4668-BE54-9A1E7A4F7556}") = "Grains", "csharp\grains\Grains.csproj", "{A334A796-8F00-4C5D-87BF-4B0CA6CE195B}"
EndProject
Project("{9A19103F-16F7-4668-BE54-9A1E7A4F7556}") = "Hamming", "csharp\hamming\Hamming.csproj", "{84BA61F8-CCDA-43E5-83F2-328BA0471F07}"
EndProject
Project("{9A19103F-16F7-4668-BE54-9A1E7A4F7556}") = "HelloWorld", "csharp\hello-world\HelloWorld.csproj", "{C6A28EF0-97EB-4EF1-8D25-623359BD0B6F}"
EndProject
Project("{9A19103F-16F7-4668-BE54-9A1E7A4F7556}") = "HighScores", "csharp\high-scores\HighScores.csproj", "{89C1527E-83FA-4297-BA62-B3AD1B9A1A30}"
EndProject
Project("{9A19103F-16F7-4668-BE54-9A1E7A4F7556}") = "Isogram", "csharp\isogram\Isogram.csproj", "{886C6F77-D34F-492E-A008-95627A158C06}"
EndProject
Project("{9A19103F-16F7-4668-BE54-9A1E7A4F7556}") = "Leap", "csharp\leap\Leap.csproj", "{8801959E-4CEC-43DA-A685-5E80FC46D6A0}"
EndProject
Project("{9A19103F-16F7-4668-BE54-9A1E7A4F7556}") = "NucleotideCount", "csharp\nucleotide-count\NucleotideCount.csproj", "{8DDEEB9D-F036-4028-9D15-B9A06A2159E9}"
EndProject
Project("{9A19103F-16F7-4668-BE54-9A1E7A4F7556}") = "Pangram", "csharp\pangram\Pangram.csproj", "{BBB386CF-A742-4D0B-9F9B-8CBCB93850DF}"
EndProject
Project("{9A19103F-16F7-4668-BE54-9A1E7A4F7556}") = "Raindrops", "csharp\raindrops\Raindrops.csproj", "{083E4B15-3249-4DA2-BEF2-FF2C0158C547}"
EndProject
Project("{9A19103F-16F7-4668-BE54-9A1E7A4F7556}") = "ResistorColor", "csharp\resistor-color\ResistorColor.csproj", "{C1425EAC-3947-4F3A-9DE8-94A9B42EA5F2}"
EndProject
Project("{9A19103F-16F7-4668-BE54-9A1E7A4F7556}") = "ReverseString", "csharp\reverse-string\ReverseString.csproj", "{16300980-A528-4626-97EE-EAC0A4EE6605}"
EndProject
Project("{9A19103F-16F7-4668-BE54-9A1E7A4F7556}") = "RnaTranscription", "csharp\rna-transcription\RnaTranscription.csproj", "{2BCD02E2-8606-41A2-B0F3-5C623697C3B1}"
EndProject
Project("{9A19103F-16F7-4668-BE54-9A1E7A4F7556}") = "RobotName", "csharp\robot-name\RobotName.csproj", "{E5AA6027-B380-4F85-A8B4-76994C3CA8C0}"
EndProject
Project("{9A19103F-16F7-4668-BE54-9A1E7A4F7556}") = "Series", "csharp\series\Series.csproj", "{22AC594D-23C3-4FC7-B595-E899A3BD1425}"
EndProject
Project("{9A19103F-16F7-4668-BE54-9A1E7A4F7556}") = "SpaceAge", "csharp\space-age\SpaceAge.csproj", "{BB90F0A9-7BAE-432A-8AA1-0F8D92A933B3}"
EndProject
Project("{9A19103F-16F7-4668-BE54-9A1E7A4F7556}") = "SumOfMultiples", "csharp\sum-of-multiples\SumOfMultiples.csproj", "{937EB7FD-AD28-4428-978B-C6DE31B1170E}"
EndProject
Project("{9A19103F-16F7-4668-BE54-9A1E7A4F7556}") = "TwoFer", "csharp\two-fer\TwoFer.csproj", "{B0E34E83-6200-4B3A-8F34-5F648E14B17D}"
EndProject
Project("{9A19103F-16F7-4668-BE54-9A1E7A4F7556}") = "PhoneNumber", "csharp\phone-number\PhoneNumber.csproj", "{4B082F47-E82C-478F-85A0-B167FB08D49B}"
EndProject
Project("{9A19103F-16F7-4668-BE54-9A1E7A4F7556}") = "Exercism.Cons", "Exercism.Cons\Exercism.Cons.csproj", "{F192DBE7-671C-4E0C-A265-4897F1817803}"
EndProject
Project("{9A19103F-16F7-4668-BE54-9A1E7A4F7556}") = "BeerSong", "csharp\beer-song\BeerSong.csproj", "{E3B25E79-5018-46EE-AE56-2209FF622B62}"
EndProject
Project("{9A19103F-16F7-4668-BE54-9A1E7A4F7556}") = "PerfectNumbers", "csharp\perfect-numbers\PerfectNumbers.csproj", "{93D12D10-3458-4960-B638-24B39E25A6D1}"
EndProject
Project("{9A19103F-16F7-4668-BE54-9A1E7A4F7556}") = "ArmstrongNumbers", "csharp\armstrong-numbers\ArmstrongNumbers.csproj", "{93D7B555-7C83-43BF-BF7F-56F146A9C784}"
EndProject
Global
	GlobalSection(SolutionConfigurationPlatforms) = preSolution
		Debug|Any CPU = Debug|Any CPU
		Debug|x64 = Debug|x64
		Debug|x86 = Debug|x86
		Release|Any CPU = Release|Any CPU
		Release|x64 = Release|x64
		Release|x86 = Release|x86
	EndGlobalSection
	GlobalSection(ProjectConfigurationPlatforms) = postSolution
		{456AAC49-1B2C-4240-90B2-14188905C746}.Debug|Any CPU.ActiveCfg = Debug|Any CPU
		{456AAC49-1B2C-4240-90B2-14188905C746}.Debug|Any CPU.Build.0 = Debug|Any CPU
		{456AAC49-1B2C-4240-90B2-14188905C746}.Debug|x64.ActiveCfg = Debug|Any CPU
		{456AAC49-1B2C-4240-90B2-14188905C746}.Debug|x64.Build.0 = Debug|Any CPU
		{456AAC49-1B2C-4240-90B2-14188905C746}.Debug|x86.ActiveCfg = Debug|Any CPU
		{456AAC49-1B2C-4240-90B2-14188905C746}.Debug|x86.Build.0 = Debug|Any CPU
		{456AAC49-1B2C-4240-90B2-14188905C746}.Release|Any CPU.ActiveCfg = Release|Any CPU
		{456AAC49-1B2C-4240-90B2-14188905C746}.Release|Any CPU.Build.0 = Release|Any CPU
		{456AAC49-1B2C-4240-90B2-14188905C746}.Release|x64.ActiveCfg = Release|Any CPU
		{456AAC49-1B2C-4240-90B2-14188905C746}.Release|x64.Build.0 = Release|Any CPU
		{456AAC49-1B2C-4240-90B2-14188905C746}.Release|x86.ActiveCfg = Release|Any CPU
		{456AAC49-1B2C-4240-90B2-14188905C746}.Release|x86.Build.0 = Release|Any CPU
		{C64DC978-4BA9-4336-A290-7AE4A4D31DC3}.Debug|Any CPU.ActiveCfg = Debug|Any CPU
		{C64DC978-4BA9-4336-A290-7AE4A4D31DC3}.Debug|Any CPU.Build.0 = Debug|Any CPU
		{C64DC978-4BA9-4336-A290-7AE4A4D31DC3}.Debug|x64.ActiveCfg = Debug|Any CPU
		{C64DC978-4BA9-4336-A290-7AE4A4D31DC3}.Debug|x64.Build.0 = Debug|Any CPU
		{C64DC978-4BA9-4336-A290-7AE4A4D31DC3}.Debug|x86.ActiveCfg = Debug|Any CPU
		{C64DC978-4BA9-4336-A290-7AE4A4D31DC3}.Debug|x86.Build.0 = Debug|Any CPU
		{C64DC978-4BA9-4336-A290-7AE4A4D31DC3}.Release|Any CPU.ActiveCfg = Release|Any CPU
		{C64DC978-4BA9-4336-A290-7AE4A4D31DC3}.Release|Any CPU.Build.0 = Release|Any CPU
		{C64DC978-4BA9-4336-A290-7AE4A4D31DC3}.Release|x64.ActiveCfg = Release|Any CPU
		{C64DC978-4BA9-4336-A290-7AE4A4D31DC3}.Release|x64.Build.0 = Release|Any CPU
		{C64DC978-4BA9-4336-A290-7AE4A4D31DC3}.Release|x86.ActiveCfg = Release|Any CPU
		{C64DC978-4BA9-4336-A290-7AE4A4D31DC3}.Release|x86.Build.0 = Release|Any CPU
		{4DD89A84-87DF-4F12-BA02-BF0588A578C6}.Debug|Any CPU.ActiveCfg = Debug|Any CPU
		{4DD89A84-87DF-4F12-BA02-BF0588A578C6}.Debug|Any CPU.Build.0 = Debug|Any CPU
		{4DD89A84-87DF-4F12-BA02-BF0588A578C6}.Debug|x64.ActiveCfg = Debug|Any CPU
		{4DD89A84-87DF-4F12-BA02-BF0588A578C6}.Debug|x64.Build.0 = Debug|Any CPU
		{4DD89A84-87DF-4F12-BA02-BF0588A578C6}.Debug|x86.ActiveCfg = Debug|Any CPU
		{4DD89A84-87DF-4F12-BA02-BF0588A578C6}.Debug|x86.Build.0 = Debug|Any CPU
		{4DD89A84-87DF-4F12-BA02-BF0588A578C6}.Release|Any CPU.ActiveCfg = Release|Any CPU
		{4DD89A84-87DF-4F12-BA02-BF0588A578C6}.Release|Any CPU.Build.0 = Release|Any CPU
		{4DD89A84-87DF-4F12-BA02-BF0588A578C6}.Release|x64.ActiveCfg = Release|Any CPU
		{4DD89A84-87DF-4F12-BA02-BF0588A578C6}.Release|x64.Build.0 = Release|Any CPU
		{4DD89A84-87DF-4F12-BA02-BF0588A578C6}.Release|x86.ActiveCfg = Release|Any CPU
		{4DD89A84-87DF-4F12-BA02-BF0588A578C6}.Release|x86.Build.0 = Release|Any CPU
		{56778DF9-D2E3-4813-BF94-4FBD14FBA35C}.Debug|Any CPU.ActiveCfg = Debug|Any CPU
		{56778DF9-D2E3-4813-BF94-4FBD14FBA35C}.Debug|Any CPU.Build.0 = Debug|Any CPU
		{56778DF9-D2E3-4813-BF94-4FBD14FBA35C}.Debug|x64.ActiveCfg = Debug|Any CPU
		{56778DF9-D2E3-4813-BF94-4FBD14FBA35C}.Debug|x64.Build.0 = Debug|Any CPU
		{56778DF9-D2E3-4813-BF94-4FBD14FBA35C}.Debug|x86.ActiveCfg = Debug|Any CPU
		{56778DF9-D2E3-4813-BF94-4FBD14FBA35C}.Debug|x86.Build.0 = Debug|Any CPU
		{56778DF9-D2E3-4813-BF94-4FBD14FBA35C}.Release|Any CPU.ActiveCfg = Release|Any CPU
		{56778DF9-D2E3-4813-BF94-4FBD14FBA35C}.Release|Any CPU.Build.0 = Release|Any CPU
		{56778DF9-D2E3-4813-BF94-4FBD14FBA35C}.Release|x64.ActiveCfg = Release|Any CPU
		{56778DF9-D2E3-4813-BF94-4FBD14FBA35C}.Release|x64.Build.0 = Release|Any CPU
		{56778DF9-D2E3-4813-BF94-4FBD14FBA35C}.Release|x86.ActiveCfg = Release|Any CPU
		{56778DF9-D2E3-4813-BF94-4FBD14FBA35C}.Release|x86.Build.0 = Release|Any CPU
		{92E1E0A7-CD1F-4CCE-9EC5-88CC031FBCB2}.Debug|Any CPU.ActiveCfg = Debug|Any CPU
		{92E1E0A7-CD1F-4CCE-9EC5-88CC031FBCB2}.Debug|Any CPU.Build.0 = Debug|Any CPU
		{92E1E0A7-CD1F-4CCE-9EC5-88CC031FBCB2}.Debug|x64.ActiveCfg = Debug|Any CPU
		{92E1E0A7-CD1F-4CCE-9EC5-88CC031FBCB2}.Debug|x64.Build.0 = Debug|Any CPU
		{92E1E0A7-CD1F-4CCE-9EC5-88CC031FBCB2}.Debug|x86.ActiveCfg = Debug|Any CPU
		{92E1E0A7-CD1F-4CCE-9EC5-88CC031FBCB2}.Debug|x86.Build.0 = Debug|Any CPU
		{92E1E0A7-CD1F-4CCE-9EC5-88CC031FBCB2}.Release|Any CPU.ActiveCfg = Release|Any CPU
		{92E1E0A7-CD1F-4CCE-9EC5-88CC031FBCB2}.Release|Any CPU.Build.0 = Release|Any CPU
		{92E1E0A7-CD1F-4CCE-9EC5-88CC031FBCB2}.Release|x64.ActiveCfg = Release|Any CPU
		{92E1E0A7-CD1F-4CCE-9EC5-88CC031FBCB2}.Release|x64.Build.0 = Release|Any CPU
		{92E1E0A7-CD1F-4CCE-9EC5-88CC031FBCB2}.Release|x86.ActiveCfg = Release|Any CPU
		{92E1E0A7-CD1F-4CCE-9EC5-88CC031FBCB2}.Release|x86.Build.0 = Release|Any CPU
		{493ECBEF-A2EA-4A1D-BF3D-9F85C4CA3CF4}.Debug|Any CPU.ActiveCfg = Debug|Any CPU
		{493ECBEF-A2EA-4A1D-BF3D-9F85C4CA3CF4}.Debug|Any CPU.Build.0 = Debug|Any CPU
		{493ECBEF-A2EA-4A1D-BF3D-9F85C4CA3CF4}.Debug|x64.ActiveCfg = Debug|Any CPU
		{493ECBEF-A2EA-4A1D-BF3D-9F85C4CA3CF4}.Debug|x64.Build.0 = Debug|Any CPU
		{493ECBEF-A2EA-4A1D-BF3D-9F85C4CA3CF4}.Debug|x86.ActiveCfg = Debug|Any CPU
		{493ECBEF-A2EA-4A1D-BF3D-9F85C4CA3CF4}.Debug|x86.Build.0 = Debug|Any CPU
		{493ECBEF-A2EA-4A1D-BF3D-9F85C4CA3CF4}.Release|Any CPU.ActiveCfg = Release|Any CPU
		{493ECBEF-A2EA-4A1D-BF3D-9F85C4CA3CF4}.Release|Any CPU.Build.0 = Release|Any CPU
		{493ECBEF-A2EA-4A1D-BF3D-9F85C4CA3CF4}.Release|x64.ActiveCfg = Release|Any CPU
		{493ECBEF-A2EA-4A1D-BF3D-9F85C4CA3CF4}.Release|x64.Build.0 = Release|Any CPU
		{493ECBEF-A2EA-4A1D-BF3D-9F85C4CA3CF4}.Release|x86.ActiveCfg = Release|Any CPU
		{493ECBEF-A2EA-4A1D-BF3D-9F85C4CA3CF4}.Release|x86.Build.0 = Release|Any CPU
		{A334A796-8F00-4C5D-87BF-4B0CA6CE195B}.Debug|Any CPU.ActiveCfg = Debug|Any CPU
		{A334A796-8F00-4C5D-87BF-4B0CA6CE195B}.Debug|Any CPU.Build.0 = Debug|Any CPU
		{A334A796-8F00-4C5D-87BF-4B0CA6CE195B}.Debug|x64.ActiveCfg = Debug|Any CPU
		{A334A796-8F00-4C5D-87BF-4B0CA6CE195B}.Debug|x64.Build.0 = Debug|Any CPU
		{A334A796-8F00-4C5D-87BF-4B0CA6CE195B}.Debug|x86.ActiveCfg = Debug|Any CPU
		{A334A796-8F00-4C5D-87BF-4B0CA6CE195B}.Debug|x86.Build.0 = Debug|Any CPU
		{A334A796-8F00-4C5D-87BF-4B0CA6CE195B}.Release|Any CPU.ActiveCfg = Release|Any CPU
		{A334A796-8F00-4C5D-87BF-4B0CA6CE195B}.Release|Any CPU.Build.0 = Release|Any CPU
		{A334A796-8F00-4C5D-87BF-4B0CA6CE195B}.Release|x64.ActiveCfg = Release|Any CPU
		{A334A796-8F00-4C5D-87BF-4B0CA6CE195B}.Release|x64.Build.0 = Release|Any CPU
		{A334A796-8F00-4C5D-87BF-4B0CA6CE195B}.Release|x86.ActiveCfg = Release|Any CPU
		{A334A796-8F00-4C5D-87BF-4B0CA6CE195B}.Release|x86.Build.0 = Release|Any CPU
		{84BA61F8-CCDA-43E5-83F2-328BA0471F07}.Debug|Any CPU.ActiveCfg = Debug|Any CPU
		{84BA61F8-CCDA-43E5-83F2-328BA0471F07}.Debug|Any CPU.Build.0 = Debug|Any CPU
		{84BA61F8-CCDA-43E5-83F2-328BA0471F07}.Debug|x64.ActiveCfg = Debug|Any CPU
		{84BA61F8-CCDA-43E5-83F2-328BA0471F07}.Debug|x64.Build.0 = Debug|Any CPU
		{84BA61F8-CCDA-43E5-83F2-328BA0471F07}.Debug|x86.ActiveCfg = Debug|Any CPU
		{84BA61F8-CCDA-43E5-83F2-328BA0471F07}.Debug|x86.Build.0 = Debug|Any CPU
		{84BA61F8-CCDA-43E5-83F2-328BA0471F07}.Release|Any CPU.ActiveCfg = Release|Any CPU
		{84BA61F8-CCDA-43E5-83F2-328BA0471F07}.Release|Any CPU.Build.0 = Release|Any CPU
		{84BA61F8-CCDA-43E5-83F2-328BA0471F07}.Release|x64.ActiveCfg = Release|Any CPU
		{84BA61F8-CCDA-43E5-83F2-328BA0471F07}.Release|x64.Build.0 = Release|Any CPU
		{84BA61F8-CCDA-43E5-83F2-328BA0471F07}.Release|x86.ActiveCfg = Release|Any CPU
		{84BA61F8-CCDA-43E5-83F2-328BA0471F07}.Release|x86.Build.0 = Release|Any CPU
		{C6A28EF0-97EB-4EF1-8D25-623359BD0B6F}.Debug|Any CPU.ActiveCfg = Debug|Any CPU
		{C6A28EF0-97EB-4EF1-8D25-623359BD0B6F}.Debug|Any CPU.Build.0 = Debug|Any CPU
		{C6A28EF0-97EB-4EF1-8D25-623359BD0B6F}.Debug|x64.ActiveCfg = Debug|Any CPU
		{C6A28EF0-97EB-4EF1-8D25-623359BD0B6F}.Debug|x64.Build.0 = Debug|Any CPU
		{C6A28EF0-97EB-4EF1-8D25-623359BD0B6F}.Debug|x86.ActiveCfg = Debug|Any CPU
		{C6A28EF0-97EB-4EF1-8D25-623359BD0B6F}.Debug|x86.Build.0 = Debug|Any CPU
		{C6A28EF0-97EB-4EF1-8D25-623359BD0B6F}.Release|Any CPU.ActiveCfg = Release|Any CPU
		{C6A28EF0-97EB-4EF1-8D25-623359BD0B6F}.Release|Any CPU.Build.0 = Release|Any CPU
		{C6A28EF0-97EB-4EF1-8D25-623359BD0B6F}.Release|x64.ActiveCfg = Release|Any CPU
		{C6A28EF0-97EB-4EF1-8D25-623359BD0B6F}.Release|x64.Build.0 = Release|Any CPU
		{C6A28EF0-97EB-4EF1-8D25-623359BD0B6F}.Release|x86.ActiveCfg = Release|Any CPU
		{C6A28EF0-97EB-4EF1-8D25-623359BD0B6F}.Release|x86.Build.0 = Release|Any CPU
		{89C1527E-83FA-4297-BA62-B3AD1B9A1A30}.Debug|Any CPU.ActiveCfg = Debug|Any CPU
		{89C1527E-83FA-4297-BA62-B3AD1B9A1A30}.Debug|Any CPU.Build.0 = Debug|Any CPU
		{89C1527E-83FA-4297-BA62-B3AD1B9A1A30}.Debug|x64.ActiveCfg = Debug|Any CPU
		{89C1527E-83FA-4297-BA62-B3AD1B9A1A30}.Debug|x64.Build.0 = Debug|Any CPU
		{89C1527E-83FA-4297-BA62-B3AD1B9A1A30}.Debug|x86.ActiveCfg = Debug|Any CPU
		{89C1527E-83FA-4297-BA62-B3AD1B9A1A30}.Debug|x86.Build.0 = Debug|Any CPU
		{89C1527E-83FA-4297-BA62-B3AD1B9A1A30}.Release|Any CPU.ActiveCfg = Release|Any CPU
		{89C1527E-83FA-4297-BA62-B3AD1B9A1A30}.Release|Any CPU.Build.0 = Release|Any CPU
		{89C1527E-83FA-4297-BA62-B3AD1B9A1A30}.Release|x64.ActiveCfg = Release|Any CPU
		{89C1527E-83FA-4297-BA62-B3AD1B9A1A30}.Release|x64.Build.0 = Release|Any CPU
		{89C1527E-83FA-4297-BA62-B3AD1B9A1A30}.Release|x86.ActiveCfg = Release|Any CPU
		{89C1527E-83FA-4297-BA62-B3AD1B9A1A30}.Release|x86.Build.0 = Release|Any CPU
		{886C6F77-D34F-492E-A008-95627A158C06}.Debug|Any CPU.ActiveCfg = Debug|Any CPU
		{886C6F77-D34F-492E-A008-95627A158C06}.Debug|Any CPU.Build.0 = Debug|Any CPU
		{886C6F77-D34F-492E-A008-95627A158C06}.Debug|x64.ActiveCfg = Debug|Any CPU
		{886C6F77-D34F-492E-A008-95627A158C06}.Debug|x64.Build.0 = Debug|Any CPU
		{886C6F77-D34F-492E-A008-95627A158C06}.Debug|x86.ActiveCfg = Debug|Any CPU
		{886C6F77-D34F-492E-A008-95627A158C06}.Debug|x86.Build.0 = Debug|Any CPU
		{886C6F77-D34F-492E-A008-95627A158C06}.Release|Any CPU.ActiveCfg = Release|Any CPU
		{886C6F77-D34F-492E-A008-95627A158C06}.Release|Any CPU.Build.0 = Release|Any CPU
		{886C6F77-D34F-492E-A008-95627A158C06}.Release|x64.ActiveCfg = Release|Any CPU
		{886C6F77-D34F-492E-A008-95627A158C06}.Release|x64.Build.0 = Release|Any CPU
		{886C6F77-D34F-492E-A008-95627A158C06}.Release|x86.ActiveCfg = Release|Any CPU
		{886C6F77-D34F-492E-A008-95627A158C06}.Release|x86.Build.0 = Release|Any CPU
		{8801959E-4CEC-43DA-A685-5E80FC46D6A0}.Debug|Any CPU.ActiveCfg = Debug|Any CPU
		{8801959E-4CEC-43DA-A685-5E80FC46D6A0}.Debug|Any CPU.Build.0 = Debug|Any CPU
		{8801959E-4CEC-43DA-A685-5E80FC46D6A0}.Debug|x64.ActiveCfg = Debug|Any CPU
		{8801959E-4CEC-43DA-A685-5E80FC46D6A0}.Debug|x64.Build.0 = Debug|Any CPU
		{8801959E-4CEC-43DA-A685-5E80FC46D6A0}.Debug|x86.ActiveCfg = Debug|Any CPU
		{8801959E-4CEC-43DA-A685-5E80FC46D6A0}.Debug|x86.Build.0 = Debug|Any CPU
		{8801959E-4CEC-43DA-A685-5E80FC46D6A0}.Release|Any CPU.ActiveCfg = Release|Any CPU
		{8801959E-4CEC-43DA-A685-5E80FC46D6A0}.Release|Any CPU.Build.0 = Release|Any CPU
		{8801959E-4CEC-43DA-A685-5E80FC46D6A0}.Release|x64.ActiveCfg = Release|Any CPU
		{8801959E-4CEC-43DA-A685-5E80FC46D6A0}.Release|x64.Build.0 = Release|Any CPU
		{8801959E-4CEC-43DA-A685-5E80FC46D6A0}.Release|x86.ActiveCfg = Release|Any CPU
		{8801959E-4CEC-43DA-A685-5E80FC46D6A0}.Release|x86.Build.0 = Release|Any CPU
		{8DDEEB9D-F036-4028-9D15-B9A06A2159E9}.Debug|Any CPU.ActiveCfg = Debug|Any CPU
		{8DDEEB9D-F036-4028-9D15-B9A06A2159E9}.Debug|Any CPU.Build.0 = Debug|Any CPU
		{8DDEEB9D-F036-4028-9D15-B9A06A2159E9}.Debug|x64.ActiveCfg = Debug|Any CPU
		{8DDEEB9D-F036-4028-9D15-B9A06A2159E9}.Debug|x64.Build.0 = Debug|Any CPU
		{8DDEEB9D-F036-4028-9D15-B9A06A2159E9}.Debug|x86.ActiveCfg = Debug|Any CPU
		{8DDEEB9D-F036-4028-9D15-B9A06A2159E9}.Debug|x86.Build.0 = Debug|Any CPU
		{8DDEEB9D-F036-4028-9D15-B9A06A2159E9}.Release|Any CPU.ActiveCfg = Release|Any CPU
		{8DDEEB9D-F036-4028-9D15-B9A06A2159E9}.Release|Any CPU.Build.0 = Release|Any CPU
		{8DDEEB9D-F036-4028-9D15-B9A06A2159E9}.Release|x64.ActiveCfg = Release|Any CPU
		{8DDEEB9D-F036-4028-9D15-B9A06A2159E9}.Release|x64.Build.0 = Release|Any CPU
		{8DDEEB9D-F036-4028-9D15-B9A06A2159E9}.Release|x86.ActiveCfg = Release|Any CPU
		{8DDEEB9D-F036-4028-9D15-B9A06A2159E9}.Release|x86.Build.0 = Release|Any CPU
		{BBB386CF-A742-4D0B-9F9B-8CBCB93850DF}.Debug|Any CPU.ActiveCfg = Debug|Any CPU
		{BBB386CF-A742-4D0B-9F9B-8CBCB93850DF}.Debug|Any CPU.Build.0 = Debug|Any CPU
		{BBB386CF-A742-4D0B-9F9B-8CBCB93850DF}.Debug|x64.ActiveCfg = Debug|Any CPU
		{BBB386CF-A742-4D0B-9F9B-8CBCB93850DF}.Debug|x64.Build.0 = Debug|Any CPU
		{BBB386CF-A742-4D0B-9F9B-8CBCB93850DF}.Debug|x86.ActiveCfg = Debug|Any CPU
		{BBB386CF-A742-4D0B-9F9B-8CBCB93850DF}.Debug|x86.Build.0 = Debug|Any CPU
		{BBB386CF-A742-4D0B-9F9B-8CBCB93850DF}.Release|Any CPU.ActiveCfg = Release|Any CPU
		{BBB386CF-A742-4D0B-9F9B-8CBCB93850DF}.Release|Any CPU.Build.0 = Release|Any CPU
		{BBB386CF-A742-4D0B-9F9B-8CBCB93850DF}.Release|x64.ActiveCfg = Release|Any CPU
		{BBB386CF-A742-4D0B-9F9B-8CBCB93850DF}.Release|x64.Build.0 = Release|Any CPU
		{BBB386CF-A742-4D0B-9F9B-8CBCB93850DF}.Release|x86.ActiveCfg = Release|Any CPU
		{BBB386CF-A742-4D0B-9F9B-8CBCB93850DF}.Release|x86.Build.0 = Release|Any CPU
		{083E4B15-3249-4DA2-BEF2-FF2C0158C547}.Debug|Any CPU.ActiveCfg = Debug|Any CPU
		{083E4B15-3249-4DA2-BEF2-FF2C0158C547}.Debug|Any CPU.Build.0 = Debug|Any CPU
		{083E4B15-3249-4DA2-BEF2-FF2C0158C547}.Debug|x64.ActiveCfg = Debug|Any CPU
		{083E4B15-3249-4DA2-BEF2-FF2C0158C547}.Debug|x64.Build.0 = Debug|Any CPU
		{083E4B15-3249-4DA2-BEF2-FF2C0158C547}.Debug|x86.ActiveCfg = Debug|Any CPU
		{083E4B15-3249-4DA2-BEF2-FF2C0158C547}.Debug|x86.Build.0 = Debug|Any CPU
		{083E4B15-3249-4DA2-BEF2-FF2C0158C547}.Release|Any CPU.ActiveCfg = Release|Any CPU
		{083E4B15-3249-4DA2-BEF2-FF2C0158C547}.Release|Any CPU.Build.0 = Release|Any CPU
		{083E4B15-3249-4DA2-BEF2-FF2C0158C547}.Release|x64.ActiveCfg = Release|Any CPU
		{083E4B15-3249-4DA2-BEF2-FF2C0158C547}.Release|x64.Build.0 = Release|Any CPU
		{083E4B15-3249-4DA2-BEF2-FF2C0158C547}.Release|x86.ActiveCfg = Release|Any CPU
		{083E4B15-3249-4DA2-BEF2-FF2C0158C547}.Release|x86.Build.0 = Release|Any CPU
		{C1425EAC-3947-4F3A-9DE8-94A9B42EA5F2}.Debug|Any CPU.ActiveCfg = Debug|Any CPU
		{C1425EAC-3947-4F3A-9DE8-94A9B42EA5F2}.Debug|Any CPU.Build.0 = Debug|Any CPU
		{C1425EAC-3947-4F3A-9DE8-94A9B42EA5F2}.Debug|x64.ActiveCfg = Debug|Any CPU
		{C1425EAC-3947-4F3A-9DE8-94A9B42EA5F2}.Debug|x64.Build.0 = Debug|Any CPU
		{C1425EAC-3947-4F3A-9DE8-94A9B42EA5F2}.Debug|x86.ActiveCfg = Debug|Any CPU
		{C1425EAC-3947-4F3A-9DE8-94A9B42EA5F2}.Debug|x86.Build.0 = Debug|Any CPU
		{C1425EAC-3947-4F3A-9DE8-94A9B42EA5F2}.Release|Any CPU.ActiveCfg = Release|Any CPU
		{C1425EAC-3947-4F3A-9DE8-94A9B42EA5F2}.Release|Any CPU.Build.0 = Release|Any CPU
		{C1425EAC-3947-4F3A-9DE8-94A9B42EA5F2}.Release|x64.ActiveCfg = Release|Any CPU
		{C1425EAC-3947-4F3A-9DE8-94A9B42EA5F2}.Release|x64.Build.0 = Release|Any CPU
		{C1425EAC-3947-4F3A-9DE8-94A9B42EA5F2}.Release|x86.ActiveCfg = Release|Any CPU
		{C1425EAC-3947-4F3A-9DE8-94A9B42EA5F2}.Release|x86.Build.0 = Release|Any CPU
		{16300980-A528-4626-97EE-EAC0A4EE6605}.Debug|Any CPU.ActiveCfg = Debug|Any CPU
		{16300980-A528-4626-97EE-EAC0A4EE6605}.Debug|Any CPU.Build.0 = Debug|Any CPU
		{16300980-A528-4626-97EE-EAC0A4EE6605}.Debug|x64.ActiveCfg = Debug|Any CPU
		{16300980-A528-4626-97EE-EAC0A4EE6605}.Debug|x64.Build.0 = Debug|Any CPU
		{16300980-A528-4626-97EE-EAC0A4EE6605}.Debug|x86.ActiveCfg = Debug|Any CPU
		{16300980-A528-4626-97EE-EAC0A4EE6605}.Debug|x86.Build.0 = Debug|Any CPU
		{16300980-A528-4626-97EE-EAC0A4EE6605}.Release|Any CPU.ActiveCfg = Release|Any CPU
		{16300980-A528-4626-97EE-EAC0A4EE6605}.Release|Any CPU.Build.0 = Release|Any CPU
		{16300980-A528-4626-97EE-EAC0A4EE6605}.Release|x64.ActiveCfg = Release|Any CPU
		{16300980-A528-4626-97EE-EAC0A4EE6605}.Release|x64.Build.0 = Release|Any CPU
		{16300980-A528-4626-97EE-EAC0A4EE6605}.Release|x86.ActiveCfg = Release|Any CPU
		{16300980-A528-4626-97EE-EAC0A4EE6605}.Release|x86.Build.0 = Release|Any CPU
		{2BCD02E2-8606-41A2-B0F3-5C623697C3B1}.Debug|Any CPU.ActiveCfg = Debug|Any CPU
		{2BCD02E2-8606-41A2-B0F3-5C623697C3B1}.Debug|Any CPU.Build.0 = Debug|Any CPU
		{2BCD02E2-8606-41A2-B0F3-5C623697C3B1}.Debug|x64.ActiveCfg = Debug|Any CPU
		{2BCD02E2-8606-41A2-B0F3-5C623697C3B1}.Debug|x64.Build.0 = Debug|Any CPU
		{2BCD02E2-8606-41A2-B0F3-5C623697C3B1}.Debug|x86.ActiveCfg = Debug|Any CPU
		{2BCD02E2-8606-41A2-B0F3-5C623697C3B1}.Debug|x86.Build.0 = Debug|Any CPU
		{2BCD02E2-8606-41A2-B0F3-5C623697C3B1}.Release|Any CPU.ActiveCfg = Release|Any CPU
		{2BCD02E2-8606-41A2-B0F3-5C623697C3B1}.Release|Any CPU.Build.0 = Release|Any CPU
		{2BCD02E2-8606-41A2-B0F3-5C623697C3B1}.Release|x64.ActiveCfg = Release|Any CPU
		{2BCD02E2-8606-41A2-B0F3-5C623697C3B1}.Release|x64.Build.0 = Release|Any CPU
		{2BCD02E2-8606-41A2-B0F3-5C623697C3B1}.Release|x86.ActiveCfg = Release|Any CPU
		{2BCD02E2-8606-41A2-B0F3-5C623697C3B1}.Release|x86.Build.0 = Release|Any CPU
		{E5AA6027-B380-4F85-A8B4-76994C3CA8C0}.Debug|Any CPU.ActiveCfg = Debug|Any CPU
		{E5AA6027-B380-4F85-A8B4-76994C3CA8C0}.Debug|Any CPU.Build.0 = Debug|Any CPU
		{E5AA6027-B380-4F85-A8B4-76994C3CA8C0}.Debug|x64.ActiveCfg = Debug|Any CPU
		{E5AA6027-B380-4F85-A8B4-76994C3CA8C0}.Debug|x64.Build.0 = Debug|Any CPU
		{E5AA6027-B380-4F85-A8B4-76994C3CA8C0}.Debug|x86.ActiveCfg = Debug|Any CPU
		{E5AA6027-B380-4F85-A8B4-76994C3CA8C0}.Debug|x86.Build.0 = Debug|Any CPU
		{E5AA6027-B380-4F85-A8B4-76994C3CA8C0}.Release|Any CPU.ActiveCfg = Release|Any CPU
		{E5AA6027-B380-4F85-A8B4-76994C3CA8C0}.Release|Any CPU.Build.0 = Release|Any CPU
		{E5AA6027-B380-4F85-A8B4-76994C3CA8C0}.Release|x64.ActiveCfg = Release|Any CPU
		{E5AA6027-B380-4F85-A8B4-76994C3CA8C0}.Release|x64.Build.0 = Release|Any CPU
		{E5AA6027-B380-4F85-A8B4-76994C3CA8C0}.Release|x86.ActiveCfg = Release|Any CPU
		{E5AA6027-B380-4F85-A8B4-76994C3CA8C0}.Release|x86.Build.0 = Release|Any CPU
		{22AC594D-23C3-4FC7-B595-E899A3BD1425}.Debug|Any CPU.ActiveCfg = Debug|Any CPU
		{22AC594D-23C3-4FC7-B595-E899A3BD1425}.Debug|Any CPU.Build.0 = Debug|Any CPU
		{22AC594D-23C3-4FC7-B595-E899A3BD1425}.Debug|x64.ActiveCfg = Debug|Any CPU
		{22AC594D-23C3-4FC7-B595-E899A3BD1425}.Debug|x64.Build.0 = Debug|Any CPU
		{22AC594D-23C3-4FC7-B595-E899A3BD1425}.Debug|x86.ActiveCfg = Debug|Any CPU
		{22AC594D-23C3-4FC7-B595-E899A3BD1425}.Debug|x86.Build.0 = Debug|Any CPU
		{22AC594D-23C3-4FC7-B595-E899A3BD1425}.Release|Any CPU.ActiveCfg = Release|Any CPU
		{22AC594D-23C3-4FC7-B595-E899A3BD1425}.Release|Any CPU.Build.0 = Release|Any CPU
		{22AC594D-23C3-4FC7-B595-E899A3BD1425}.Release|x64.ActiveCfg = Release|Any CPU
		{22AC594D-23C3-4FC7-B595-E899A3BD1425}.Release|x64.Build.0 = Release|Any CPU
		{22AC594D-23C3-4FC7-B595-E899A3BD1425}.Release|x86.ActiveCfg = Release|Any CPU
		{22AC594D-23C3-4FC7-B595-E899A3BD1425}.Release|x86.Build.0 = Release|Any CPU
		{BB90F0A9-7BAE-432A-8AA1-0F8D92A933B3}.Debug|Any CPU.ActiveCfg = Debug|Any CPU
		{BB90F0A9-7BAE-432A-8AA1-0F8D92A933B3}.Debug|Any CPU.Build.0 = Debug|Any CPU
		{BB90F0A9-7BAE-432A-8AA1-0F8D92A933B3}.Debug|x64.ActiveCfg = Debug|Any CPU
		{BB90F0A9-7BAE-432A-8AA1-0F8D92A933B3}.Debug|x64.Build.0 = Debug|Any CPU
		{BB90F0A9-7BAE-432A-8AA1-0F8D92A933B3}.Debug|x86.ActiveCfg = Debug|Any CPU
		{BB90F0A9-7BAE-432A-8AA1-0F8D92A933B3}.Debug|x86.Build.0 = Debug|Any CPU
		{BB90F0A9-7BAE-432A-8AA1-0F8D92A933B3}.Release|Any CPU.ActiveCfg = Release|Any CPU
		{BB90F0A9-7BAE-432A-8AA1-0F8D92A933B3}.Release|Any CPU.Build.0 = Release|Any CPU
		{BB90F0A9-7BAE-432A-8AA1-0F8D92A933B3}.Release|x64.ActiveCfg = Release|Any CPU
		{BB90F0A9-7BAE-432A-8AA1-0F8D92A933B3}.Release|x64.Build.0 = Release|Any CPU
		{BB90F0A9-7BAE-432A-8AA1-0F8D92A933B3}.Release|x86.ActiveCfg = Release|Any CPU
		{BB90F0A9-7BAE-432A-8AA1-0F8D92A933B3}.Release|x86.Build.0 = Release|Any CPU
		{937EB7FD-AD28-4428-978B-C6DE31B1170E}.Debug|Any CPU.ActiveCfg = Debug|Any CPU
		{937EB7FD-AD28-4428-978B-C6DE31B1170E}.Debug|Any CPU.Build.0 = Debug|Any CPU
		{937EB7FD-AD28-4428-978B-C6DE31B1170E}.Debug|x64.ActiveCfg = Debug|Any CPU
		{937EB7FD-AD28-4428-978B-C6DE31B1170E}.Debug|x64.Build.0 = Debug|Any CPU
		{937EB7FD-AD28-4428-978B-C6DE31B1170E}.Debug|x86.ActiveCfg = Debug|Any CPU
		{937EB7FD-AD28-4428-978B-C6DE31B1170E}.Debug|x86.Build.0 = Debug|Any CPU
		{937EB7FD-AD28-4428-978B-C6DE31B1170E}.Release|Any CPU.ActiveCfg = Release|Any CPU
		{937EB7FD-AD28-4428-978B-C6DE31B1170E}.Release|Any CPU.Build.0 = Release|Any CPU
		{937EB7FD-AD28-4428-978B-C6DE31B1170E}.Release|x64.ActiveCfg = Release|Any CPU
		{937EB7FD-AD28-4428-978B-C6DE31B1170E}.Release|x64.Build.0 = Release|Any CPU
		{937EB7FD-AD28-4428-978B-C6DE31B1170E}.Release|x86.ActiveCfg = Release|Any CPU
		{937EB7FD-AD28-4428-978B-C6DE31B1170E}.Release|x86.Build.0 = Release|Any CPU
		{B0E34E83-6200-4B3A-8F34-5F648E14B17D}.Debug|Any CPU.ActiveCfg = Debug|Any CPU
		{B0E34E83-6200-4B3A-8F34-5F648E14B17D}.Debug|Any CPU.Build.0 = Debug|Any CPU
		{B0E34E83-6200-4B3A-8F34-5F648E14B17D}.Debug|x64.ActiveCfg = Debug|Any CPU
		{B0E34E83-6200-4B3A-8F34-5F648E14B17D}.Debug|x64.Build.0 = Debug|Any CPU
		{B0E34E83-6200-4B3A-8F34-5F648E14B17D}.Debug|x86.ActiveCfg = Debug|Any CPU
		{B0E34E83-6200-4B3A-8F34-5F648E14B17D}.Debug|x86.Build.0 = Debug|Any CPU
		{B0E34E83-6200-4B3A-8F34-5F648E14B17D}.Release|Any CPU.ActiveCfg = Release|Any CPU
		{B0E34E83-6200-4B3A-8F34-5F648E14B17D}.Release|Any CPU.Build.0 = Release|Any CPU
		{B0E34E83-6200-4B3A-8F34-5F648E14B17D}.Release|x64.ActiveCfg = Release|Any CPU
		{B0E34E83-6200-4B3A-8F34-5F648E14B17D}.Release|x64.Build.0 = Release|Any CPU
		{B0E34E83-6200-4B3A-8F34-5F648E14B17D}.Release|x86.ActiveCfg = Release|Any CPU
		{B0E34E83-6200-4B3A-8F34-5F648E14B17D}.Release|x86.Build.0 = Release|Any CPU
		{4B082F47-E82C-478F-85A0-B167FB08D49B}.Debug|Any CPU.ActiveCfg = Debug|Any CPU
		{4B082F47-E82C-478F-85A0-B167FB08D49B}.Debug|Any CPU.Build.0 = Debug|Any CPU
		{4B082F47-E82C-478F-85A0-B167FB08D49B}.Debug|x64.ActiveCfg = Debug|Any CPU
		{4B082F47-E82C-478F-85A0-B167FB08D49B}.Debug|x64.Build.0 = Debug|Any CPU
		{4B082F47-E82C-478F-85A0-B167FB08D49B}.Debug|x86.ActiveCfg = Debug|Any CPU
		{4B082F47-E82C-478F-85A0-B167FB08D49B}.Debug|x86.Build.0 = Debug|Any CPU
		{4B082F47-E82C-478F-85A0-B167FB08D49B}.Release|Any CPU.ActiveCfg = Release|Any CPU
		{4B082F47-E82C-478F-85A0-B167FB08D49B}.Release|Any CPU.Build.0 = Release|Any CPU
		{4B082F47-E82C-478F-85A0-B167FB08D49B}.Release|x64.ActiveCfg = Release|Any CPU
		{4B082F47-E82C-478F-85A0-B167FB08D49B}.Release|x64.Build.0 = Release|Any CPU
		{4B082F47-E82C-478F-85A0-B167FB08D49B}.Release|x86.ActiveCfg = Release|Any CPU
		{4B082F47-E82C-478F-85A0-B167FB08D49B}.Release|x86.Build.0 = Release|Any CPU
		{F192DBE7-671C-4E0C-A265-4897F1817803}.Debug|Any CPU.ActiveCfg = Debug|Any CPU
		{F192DBE7-671C-4E0C-A265-4897F1817803}.Debug|Any CPU.Build.0 = Debug|Any CPU
		{F192DBE7-671C-4E0C-A265-4897F1817803}.Debug|x64.ActiveCfg = Debug|Any CPU
		{F192DBE7-671C-4E0C-A265-4897F1817803}.Debug|x64.Build.0 = Debug|Any CPU
		{F192DBE7-671C-4E0C-A265-4897F1817803}.Debug|x86.ActiveCfg = Debug|Any CPU
		{F192DBE7-671C-4E0C-A265-4897F1817803}.Debug|x86.Build.0 = Debug|Any CPU
		{F192DBE7-671C-4E0C-A265-4897F1817803}.Release|Any CPU.ActiveCfg = Release|Any CPU
		{F192DBE7-671C-4E0C-A265-4897F1817803}.Release|Any CPU.Build.0 = Release|Any CPU
		{F192DBE7-671C-4E0C-A265-4897F1817803}.Release|x64.ActiveCfg = Release|Any CPU
		{F192DBE7-671C-4E0C-A265-4897F1817803}.Release|x64.Build.0 = Release|Any CPU
		{F192DBE7-671C-4E0C-A265-4897F1817803}.Release|x86.ActiveCfg = Release|Any CPU
		{F192DBE7-671C-4E0C-A265-4897F1817803}.Release|x86.Build.0 = Release|Any CPU
		{E3B25E79-5018-46EE-AE56-2209FF622B62}.Debug|Any CPU.ActiveCfg = Debug|Any CPU
		{E3B25E79-5018-46EE-AE56-2209FF622B62}.Debug|Any CPU.Build.0 = Debug|Any CPU
		{E3B25E79-5018-46EE-AE56-2209FF622B62}.Debug|x64.ActiveCfg = Debug|Any CPU
		{E3B25E79-5018-46EE-AE56-2209FF622B62}.Debug|x64.Build.0 = Debug|Any CPU
		{E3B25E79-5018-46EE-AE56-2209FF622B62}.Debug|x86.ActiveCfg = Debug|Any CPU
		{E3B25E79-5018-46EE-AE56-2209FF622B62}.Debug|x86.Build.0 = Debug|Any CPU
		{E3B25E79-5018-46EE-AE56-2209FF622B62}.Release|Any CPU.ActiveCfg = Release|Any CPU
		{E3B25E79-5018-46EE-AE56-2209FF622B62}.Release|Any CPU.Build.0 = Release|Any CPU
		{E3B25E79-5018-46EE-AE56-2209FF622B62}.Release|x64.ActiveCfg = Release|Any CPU
		{E3B25E79-5018-46EE-AE56-2209FF622B62}.Release|x64.Build.0 = Release|Any CPU
		{E3B25E79-5018-46EE-AE56-2209FF622B62}.Release|x86.ActiveCfg = Release|Any CPU
		{E3B25E79-5018-46EE-AE56-2209FF622B62}.Release|x86.Build.0 = Release|Any CPU
		{93D12D10-3458-4960-B638-24B39E25A6D1}.Debug|Any CPU.ActiveCfg = Debug|Any CPU
		{93D12D10-3458-4960-B638-24B39E25A6D1}.Debug|Any CPU.Build.0 = Debug|Any CPU
		{93D12D10-3458-4960-B638-24B39E25A6D1}.Debug|x64.ActiveCfg = Debug|Any CPU
		{93D12D10-3458-4960-B638-24B39E25A6D1}.Debug|x64.Build.0 = Debug|Any CPU
		{93D12D10-3458-4960-B638-24B39E25A6D1}.Debug|x86.ActiveCfg = Debug|Any CPU
		{93D12D10-3458-4960-B638-24B39E25A6D1}.Debug|x86.Build.0 = Debug|Any CPU
		{93D12D10-3458-4960-B638-24B39E25A6D1}.Release|Any CPU.ActiveCfg = Release|Any CPU
		{93D12D10-3458-4960-B638-24B39E25A6D1}.Release|Any CPU.Build.0 = Release|Any CPU
		{93D12D10-3458-4960-B638-24B39E25A6D1}.Release|x64.ActiveCfg = Release|Any CPU
		{93D12D10-3458-4960-B638-24B39E25A6D1}.Release|x64.Build.0 = Release|Any CPU
		{93D12D10-3458-4960-B638-24B39E25A6D1}.Release|x86.ActiveCfg = Release|Any CPU
		{93D12D10-3458-4960-B638-24B39E25A6D1}.Release|x86.Build.0 = Release|Any CPU
		{93D7B555-7C83-43BF-BF7F-56F146A9C784}.Debug|Any CPU.ActiveCfg = Debug|Any CPU
		{93D7B555-7C83-43BF-BF7F-56F146A9C784}.Debug|Any CPU.Build.0 = Debug|Any CPU
		{93D7B555-7C83-43BF-BF7F-56F146A9C784}.Debug|x64.ActiveCfg = Debug|Any CPU
		{93D7B555-7C83-43BF-BF7F-56F146A9C784}.Debug|x64.Build.0 = Debug|Any CPU
		{93D7B555-7C83-43BF-BF7F-56F146A9C784}.Debug|x86.ActiveCfg = Debug|Any CPU
		{93D7B555-7C83-43BF-BF7F-56F146A9C784}.Debug|x86.Build.0 = Debug|Any CPU
		{93D7B555-7C83-43BF-BF7F-56F146A9C784}.Release|Any CPU.ActiveCfg = Release|Any CPU
		{93D7B555-7C83-43BF-BF7F-56F146A9C784}.Release|Any CPU.Build.0 = Release|Any CPU
		{93D7B555-7C83-43BF-BF7F-56F146A9C784}.Release|x64.ActiveCfg = Release|Any CPU
		{93D7B555-7C83-43BF-BF7F-56F146A9C784}.Release|x64.Build.0 = Release|Any CPU
		{93D7B555-7C83-43BF-BF7F-56F146A9C784}.Release|x86.ActiveCfg = Release|Any CPU
		{93D7B555-7C83-43BF-BF7F-56F146A9C784}.Release|x86.Build.0 = Release|Any CPU
	EndGlobalSection
	GlobalSection(SolutionProperties) = preSolution
		HideSolutionNode = FALSE
	EndGlobalSection
	GlobalSection(NestedProjects) = preSolution
		{456AAC49-1B2C-4240-90B2-14188905C746} = {E2CC822F-B8C1-43BD-94A3-D7BFA6AFCDD2}
		{C64DC978-4BA9-4336-A290-7AE4A4D31DC3} = {E2CC822F-B8C1-43BD-94A3-D7BFA6AFCDD2}
		{4DD89A84-87DF-4F12-BA02-BF0588A578C6} = {E2CC822F-B8C1-43BD-94A3-D7BFA6AFCDD2}
		{56778DF9-D2E3-4813-BF94-4FBD14FBA35C} = {E2CC822F-B8C1-43BD-94A3-D7BFA6AFCDD2}
		{92E1E0A7-CD1F-4CCE-9EC5-88CC031FBCB2} = {E2CC822F-B8C1-43BD-94A3-D7BFA6AFCDD2}
		{493ECBEF-A2EA-4A1D-BF3D-9F85C4CA3CF4} = {E2CC822F-B8C1-43BD-94A3-D7BFA6AFCDD2}
		{A334A796-8F00-4C5D-87BF-4B0CA6CE195B} = {E2CC822F-B8C1-43BD-94A3-D7BFA6AFCDD2}
		{84BA61F8-CCDA-43E5-83F2-328BA0471F07} = {E2CC822F-B8C1-43BD-94A3-D7BFA6AFCDD2}
		{C6A28EF0-97EB-4EF1-8D25-623359BD0B6F} = {E2CC822F-B8C1-43BD-94A3-D7BFA6AFCDD2}
		{89C1527E-83FA-4297-BA62-B3AD1B9A1A30} = {E2CC822F-B8C1-43BD-94A3-D7BFA6AFCDD2}
		{886C6F77-D34F-492E-A008-95627A158C06} = {E2CC822F-B8C1-43BD-94A3-D7BFA6AFCDD2}
		{8801959E-4CEC-43DA-A685-5E80FC46D6A0} = {E2CC822F-B8C1-43BD-94A3-D7BFA6AFCDD2}
		{8DDEEB9D-F036-4028-9D15-B9A06A2159E9} = {E2CC822F-B8C1-43BD-94A3-D7BFA6AFCDD2}
		{BBB386CF-A742-4D0B-9F9B-8CBCB93850DF} = {E2CC822F-B8C1-43BD-94A3-D7BFA6AFCDD2}
		{083E4B15-3249-4DA2-BEF2-FF2C0158C547} = {E2CC822F-B8C1-43BD-94A3-D7BFA6AFCDD2}
		{C1425EAC-3947-4F3A-9DE8-94A9B42EA5F2} = {E2CC822F-B8C1-43BD-94A3-D7BFA6AFCDD2}
		{16300980-A528-4626-97EE-EAC0A4EE6605} = {E2CC822F-B8C1-43BD-94A3-D7BFA6AFCDD2}
		{2BCD02E2-8606-41A2-B0F3-5C623697C3B1} = {E2CC822F-B8C1-43BD-94A3-D7BFA6AFCDD2}
		{E5AA6027-B380-4F85-A8B4-76994C3CA8C0} = {E2CC822F-B8C1-43BD-94A3-D7BFA6AFCDD2}
		{22AC594D-23C3-4FC7-B595-E899A3BD1425} = {E2CC822F-B8C1-43BD-94A3-D7BFA6AFCDD2}
		{BB90F0A9-7BAE-432A-8AA1-0F8D92A933B3} = {E2CC822F-B8C1-43BD-94A3-D7BFA6AFCDD2}
		{937EB7FD-AD28-4428-978B-C6DE31B1170E} = {E2CC822F-B8C1-43BD-94A3-D7BFA6AFCDD2}
		{B0E34E83-6200-4B3A-8F34-5F648E14B17D} = {E2CC822F-B8C1-43BD-94A3-D7BFA6AFCDD2}
		{4B082F47-E82C-478F-85A0-B167FB08D49B} = {E2CC822F-B8C1-43BD-94A3-D7BFA6AFCDD2}
		{E3B25E79-5018-46EE-AE56-2209FF622B62} = {E2CC822F-B8C1-43BD-94A3-D7BFA6AFCDD2}
		{93D12D10-3458-4960-B638-24B39E25A6D1} = {E2CC822F-B8C1-43BD-94A3-D7BFA6AFCDD2}
		{93D7B555-7C83-43BF-BF7F-56F146A9C784} = {E2CC822F-B8C1-43BD-94A3-D7BFA6AFCDD2}
	EndGlobalSection
	GlobalSection(ExtensibilityGlobals) = postSolution
		SolutionGuid = {A6F82415-6518-4831-9A35-FFC57218B686}
	EndGlobalSection
EndGlobal
